
Microsoft Visual Studio Solution File, Format Version 9.00
# Visual Studio 2005
Project("{FAE04EC0-301F-11D3-BF4B-00C04F79EFBC}") = "MapAPP", "MapAPP\MapAPP.csproj", "{6CB8DC1B-CD03-415A-A8BA-7234F741C421}"
EndProject
Global
	GlobalSection(SolutionConfigurationPlatforms) = preSolution
		Debug|Any CPU = Debug|Any CPU
		Release|Any CPU = Release|Any CPU
	EndGlobalSection
	GlobalSection(ProjectConfigurationPlatforms) = postSolution
		{6CB8DC1B-CD03-415A-A8BA-7234F741C421}.Debug|Any CPU.ActiveCfg = Debug|Any CPU
		{6CB8DC1B-CD03-415A-A8BA-7234F741C421}.Debug|Any CPU.Build.0 = Debug|Any CPU
		{6CB8DC1B-CD03-415A-A8BA-7234F741C421}.Release|Any CPU.ActiveCfg = Release|Any CPU
		{6CB8DC1B-CD03-415A-A8BA-7234F741C421}.Release|Any CPU.Build.0 = Release|Any CPU
	EndGlobalSection
	GlobalSection(SolutionProperties) = preSolution
		HideSolutionNode = FALSE
	EndGlobalSection
EndGlobal
